
Microsoft Visual Studio Solution File, Format Version 12.00
Project("{FAE04EC0-301F-11D3-BF4B-00C04F79EFBC}") = "Friends", "Friends\Friends\Friends.csproj", "{92B634C0-CF12-4E73-B48B-036FD7CC8CA6}"
EndProject
Project("{FAE04EC0-301F-11D3-BF4B-00C04F79EFBC}") = "Friends.Android", "Friends\Friends.Android\Friends.Android.csproj", "{39E4EE97-AE2C-4A8B-AB34-73DE49474697}"
EndProject
Project("{FAE04EC0-301F-11D3-BF4B-00C04F79EFBC}") = "Friends.iOS", "Friends\Friends.iOS\Friends.iOS.csproj", "{A38E3112-0400-4CC2-8CA6-E47665FABA5A}"
EndProject
Project("{FAE04EC0-301F-11D3-BF4B-00C04F79EFBC}") = "FriendsTests", "Friends\FriendsTests\FriendsTests.csproj", "{5028101C-2118-4A42-A6BE-D3C054F42CC1}"
EndProject
Global
	GlobalSection(SolutionConfigurationPlatforms) = preSolution
		Ad-Hoc|iPhone = Ad-Hoc|iPhone
		AppStore|iPhone = AppStore|iPhone
		Debug|Any CPU = Debug|Any CPU
		Debug|iPhone = Debug|iPhone
		Debug|iPhoneSimulator = Debug|iPhoneSimulator
		Release|Any CPU = Release|Any CPU
		Release|iPhone = Release|iPhone
		Release|iPhoneSimulator = Release|iPhoneSimulator
	EndGlobalSection
	GlobalSection(ProjectConfigurationPlatforms) = postSolution
		{92B634C0-CF12-4E73-B48B-036FD7CC8CA6}.Ad-Hoc|iPhone.ActiveCfg = Debug|Any CPU
		{92B634C0-CF12-4E73-B48B-036FD7CC8CA6}.Ad-Hoc|iPhone.Build.0 = Debug|Any CPU
		{92B634C0-CF12-4E73-B48B-036FD7CC8CA6}.AppStore|iPhone.ActiveCfg = Debug|Any CPU
		{92B634C0-CF12-4E73-B48B-036FD7CC8CA6}.AppStore|iPhone.Build.0 = Debug|Any CPU
		{92B634C0-CF12-4E73-B48B-036FD7CC8CA6}.Debug|Any CPU.ActiveCfg = Debug|Any CPU
		{92B634C0-CF12-4E73-B48B-036FD7CC8CA6}.Debug|Any CPU.Build.0 = Debug|Any CPU
		{92B634C0-CF12-4E73-B48B-036FD7CC8CA6}.Debug|iPhone.ActiveCfg = Debug|Any CPU
		{92B634C0-CF12-4E73-B48B-036FD7CC8CA6}.Debug|iPhone.Build.0 = Debug|Any CPU
		{92B634C0-CF12-4E73-B48B-036FD7CC8CA6}.Debug|iPhoneSimulator.ActiveCfg = Debug|Any CPU
		{92B634C0-CF12-4E73-B48B-036FD7CC8CA6}.Debug|iPhoneSimulator.Build.0 = Debug|Any CPU
		{92B634C0-CF12-4E73-B48B-036FD7CC8CA6}.Release|Any CPU.ActiveCfg = Release|Any CPU
		{92B634C0-CF12-4E73-B48B-036FD7CC8CA6}.Release|Any CPU.Build.0 = Release|Any CPU
		{92B634C0-CF12-4E73-B48B-036FD7CC8CA6}.Release|iPhone.ActiveCfg = Release|Any CPU
		{92B634C0-CF12-4E73-B48B-036FD7CC8CA6}.Release|iPhone.Build.0 = Release|Any CPU
		{92B634C0-CF12-4E73-B48B-036FD7CC8CA6}.Release|iPhoneSimulator.ActiveCfg = Release|Any CPU
		{92B634C0-CF12-4E73-B48B-036FD7CC8CA6}.Release|iPhoneSimulator.Build.0 = Release|Any CPU
		{39E4EE97-AE2C-4A8B-AB34-73DE49474697}.Ad-Hoc|iPhone.ActiveCfg = Debug|Any CPU
		{39E4EE97-AE2C-4A8B-AB34-73DE49474697}.Ad-Hoc|iPhone.Build.0 = Debug|Any CPU
		{39E4EE97-AE2C-4A8B-AB34-73DE49474697}.Ad-Hoc|iPhone.Deploy.0 = Debug|Any CPU
		{39E4EE97-AE2C-4A8B-AB34-73DE49474697}.AppStore|iPhone.ActiveCfg = Debug|Any CPU
		{39E4EE97-AE2C-4A8B-AB34-73DE49474697}.AppStore|iPhone.Build.0 = Debug|Any CPU
		{39E4EE97-AE2C-4A8B-AB34-73DE49474697}.AppStore|iPhone.Deploy.0 = Debug|Any CPU
		{39E4EE97-AE2C-4A8B-AB34-73DE49474697}.Debug|Any CPU.ActiveCfg = Debug|Any CPU
		{39E4EE97-AE2C-4A8B-AB34-73DE49474697}.Debug|Any CPU.Build.0 = Debug|Any CPU
		{39E4EE97-AE2C-4A8B-AB34-73DE49474697}.Debug|Any CPU.Deploy.0 = Debug|Any CPU
		{39E4EE97-AE2C-4A8B-AB34-73DE49474697}.Debug|iPhone.ActiveCfg = Debug|Any CPU
		{39E4EE97-AE2C-4A8B-AB34-73DE49474697}.Debug|iPhone.Build.0 = Debug|Any CPU
		{39E4EE97-AE2C-4A8B-AB34-73DE49474697}.Debug|iPhone.Deploy.0 = Debug|Any CPU
		{39E4EE97-AE2C-4A8B-AB34-73DE49474697}.Debug|iPhoneSimulator.ActiveCfg = Debug|Any CPU
		{39E4EE97-AE2C-4A8B-AB34-73DE49474697}.Debug|iPhoneSimulator.Build.0 = Debug|Any CPU
		{39E4EE97-AE2C-4A8B-AB34-73DE49474697}.Debug|iPhoneSimulator.Deploy.0 = Debug|Any CPU
		{39E4EE97-AE2C-4A8B-AB34-73DE49474697}.Release|Any CPU.ActiveCfg = Release|Any CPU
		{39E4EE97-AE2C-4A8B-AB34-73DE49474697}.Release|Any CPU.Build.0 = Release|Any CPU
		{39E4EE97-AE2C-4A8B-AB34-73DE49474697}.Release|Any CPU.Deploy.0 = Release|Any CPU
		{39E4EE97-AE2C-4A8B-AB34-73DE49474697}.Release|iPhone.ActiveCfg = Release|Any CPU
		{39E4EE97-AE2C-4A8B-AB34-73DE49474697}.Release|iPhone.Build.0 = Release|Any CPU
		{39E4EE97-AE2C-4A8B-AB34-73DE49474697}.Release|iPhone.Deploy.0 = Release|Any CPU
		{39E4EE97-AE2C-4A8B-AB34-73DE49474697}.Release|iPhoneSimulator.ActiveCfg = Release|Any CPU
		{39E4EE97-AE2C-4A8B-AB34-73DE49474697}.Release|iPhoneSimulator.Build.0 = Release|Any CPU
		{39E4EE97-AE2C-4A8B-AB34-73DE49474697}.Release|iPhoneSimulator.Deploy.0 = Release|Any CPU
		{A38E3112-0400-4CC2-8CA6-E47665FABA5A}.Ad-Hoc|iPhone.ActiveCfg = Ad-Hoc|iPhone
		{A38E3112-0400-4CC2-8CA6-E47665FABA5A}.Ad-Hoc|iPhone.Build.0 = Ad-Hoc|iPhone
		{A38E3112-0400-4CC2-8CA6-E47665FABA5A}.Ad-Hoc|iPhone.Deploy.0 = Ad-Hoc|iPhone
		{A38E3112-0400-4CC2-8CA6-E47665FABA5A}.AppStore|iPhone.ActiveCfg = AppStore|iPhone
		{A38E3112-0400-4CC2-8CA6-E47665FABA5A}.AppStore|iPhone.Build.0 = AppStore|iPhone
		{A38E3112-0400-4CC2-8CA6-E47665FABA5A}.AppStore|iPhone.Deploy.0 = AppStore|iPhone
		{A38E3112-0400-4CC2-8CA6-E47665FABA5A}.Debug|Any CPU.ActiveCfg = Debug|iPhoneSimulator
		{A38E3112-0400-4CC2-8CA6-E47665FABA5A}.Debug|Any CPU.Build.0 = Debug|iPhoneSimulator
		{A38E3112-0400-4CC2-8CA6-E47665FABA5A}.Debug|Any CPU.Deploy.0 = Debug|iPhoneSimulator
		{A38E3112-0400-4CC2-8CA6-E47665FABA5A}.Debug|iPhone.ActiveCfg = Debug|iPhone
		{A38E3112-0400-4CC2-8CA6-E47665FABA5A}.Debug|iPhone.Build.0 = Debug|iPhone
		{A38E3112-0400-4CC2-8CA6-E47665FABA5A}.Debug|iPhone.Deploy.0 = Debug|iPhone
		{A38E3112-0400-4CC2-8CA6-E47665FABA5A}.Debug|iPhoneSimulator.ActiveCfg = Debug|iPhoneSimulator
		{A38E3112-0400-4CC2-8CA6-E47665FABA5A}.Debug|iPhoneSimulator.Build.0 = Debug|iPhoneSimulator
		{A38E3112-0400-4CC2-8CA6-E47665FABA5A}.Debug|iPhoneSimulator.Deploy.0 = Debug|iPhoneSimulator
		{A38E3112-0400-4CC2-8CA6-E47665FABA5A}.Release|Any CPU.ActiveCfg = Release|iPhoneSimulator
		{A38E3112-0400-4CC2-8CA6-E47665FABA5A}.Release|Any CPU.Build.0 = Release|iPhoneSimulator
		{A38E3112-0400-4CC2-8CA6-E47665FABA5A}.Release|Any CPU.Deploy.0 = Release|iPhoneSimulator
		{A38E3112-0400-4CC2-8CA6-E47665FABA5A}.Release|iPhone.ActiveCfg = Release|iPhone
		{A38E3112-0400-4CC2-8CA6-E47665FABA5A}.Release|iPhone.Build.0 = Release|iPhone
		{A38E3112-0400-4CC2-8CA6-E47665FABA5A}.Release|iPhone.Deploy.0 = Release|iPhone
		{A38E3112-0400-4CC2-8CA6-E47665FABA5A}.Release|iPhoneSimulator.ActiveCfg = Release|iPhoneSimulator
		{A38E3112-0400-4CC2-8CA6-E47665FABA5A}.Release|iPhoneSimulator.Build.0 = Release|iPhoneSimulator
		{A38E3112-0400-4CC2-8CA6-E47665FABA5A}.Release|iPhoneSimulator.Deploy.0 = Release|iPhoneSimulator
		{5028101C-2118-4A42-A6BE-D3C054F42CC1}.Ad-Hoc|iPhone.ActiveCfg = Debug|Any CPU
		{5028101C-2118-4A42-A6BE-D3C054F42CC1}.Ad-Hoc|iPhone.Build.0 = Debug|Any CPU
		{5028101C-2118-4A42-A6BE-D3C054F42CC1}.AppStore|iPhone.ActiveCfg = Debug|Any CPU
		{5028101C-2118-4A42-A6BE-D3C054F42CC1}.AppStore|iPhone.Build.0 = Debug|Any CPU
		{5028101C-2118-4A42-A6BE-D3C054F42CC1}.Debug|Any CPU.ActiveCfg = Debug|Any CPU
		{5028101C-2118-4A42-A6BE-D3C054F42CC1}.Debug|Any CPU.Build.0 = Debug|Any CPU
		{5028101C-2118-4A42-A6BE-D3C054F42CC1}.Debug|iPhone.ActiveCfg = Debug|Any CPU
		{5028101C-2118-4A42-A6BE-D3C054F42CC1}.Debug|iPhone.Build.0 = Debug|Any CPU
		{5028101C-2118-4A42-A6BE-D3C054F42CC1}.Debug|iPhoneSimulator.ActiveCfg = Debug|Any CPU
		{5028101C-2118-4A42-A6BE-D3C054F42CC1}.Debug|iPhoneSimulator.Build.0 = Debug|Any CPU
		{5028101C-2118-4A42-A6BE-D3C054F42CC1}.Release|Any CPU.ActiveCfg = Release|Any CPU
		{5028101C-2118-4A42-A6BE-D3C054F42CC1}.Release|Any CPU.Build.0 = Release|Any CPU
		{5028101C-2118-4A42-A6BE-D3C054F42CC1}.Release|iPhone.ActiveCfg = Release|Any CPU
		{5028101C-2118-4A42-A6BE-D3C054F42CC1}.Release|iPhone.Build.0 = Release|Any CPU
		{5028101C-2118-4A42-A6BE-D3C054F42CC1}.Release|iPhoneSimulator.ActiveCfg = Release|Any CPU
		{5028101C-2118-4A42-A6BE-D3C054F42CC1}.Release|iPhoneSimulator.Build.0 = Release|Any CPU
	EndGlobalSection
EndGlobal
